
Microsoft Visual Studio Solution File, Format Version 12.00
# Visual Studio Version 17
VisualStudioVersion = 17.0.31611.283
MinimumVisualStudioVersion = 10.0.40219.1
Project("{9A19103F-16F7-4668-BE54-9A1E7A4F7556}") = "StudentApp", "StudentApp.csproj", "{12D47BAF-8B33-4FE1-9C94-53FA42239D59}"
EndProject
Project("{FAE04EC0-301F-11D3-BF4B-00C04F79EFBC}") = "DatabaseLibrary", "..\DatabaseLibrary\DatabaseLibrary.csproj", "{ADC44CF0-CFE2-4097-8D5D-42236C86AD2F}"
EndProject
Global
	GlobalSection(SolutionConfigurationPlatforms) = preSolution
		Debug|Any CPU = Debug|Any CPU
		Release|Any CPU = Release|Any CPU
	EndGlobalSection
	GlobalSection(ProjectConfigurationPlatforms) = postSolution
		{12D47BAF-8B33-4FE1-9C94-53FA42239D59}.Debug|Any CPU.ActiveCfg = Debug|Any CPU
		{12D47BAF-8B33-4FE1-9C94-53FA42239D59}.Debug|Any CPU.Build.0 = Debug|Any CPU
		{12D47BAF-8B33-4FE1-9C94-53FA42239D59}.Debug|Any CPU.Deploy.0 = Debug|Any CPU
		{12D47BAF-8B33-4FE1-9C94-53FA42239D59}.Release|Any CPU.ActiveCfg = Release|Any CPU
		{12D47BAF-8B33-4FE1-9C94-53FA42239D59}.Release|Any CPU.Build.0 = Release|Any CPU
		{12D47BAF-8B33-4FE1-9C94-53FA42239D59}.Release|Any CPU.Deploy.0 = Release|Any CPU
		{ADC44CF0-CFE2-4097-8D5D-42236C86AD2F}.Debug|Any CPU.ActiveCfg = Debug|Any CPU
		{ADC44CF0-CFE2-4097-8D5D-42236C86AD2F}.Debug|Any CPU.Build.0 = Debug|Any CPU
		{ADC44CF0-CFE2-4097-8D5D-42236C86AD2F}.Release|Any CPU.ActiveCfg = Release|Any CPU
		{ADC44CF0-CFE2-4097-8D5D-42236C86AD2F}.Release|Any CPU.Build.0 = Release|Any CPU
	EndGlobalSection
	GlobalSection(SolutionProperties) = preSolution
		HideSolutionNode = FALSE
	EndGlobalSection
	GlobalSection(ExtensibilityGlobals) = postSolution
		SolutionGuid = {61F7FB11-1E47-470C-91E2-47F8143E1572}
	EndGlobalSection
EndGlobal
